
Microsoft Visual Studio Solution File, Format Version 12.00
# Visual Studio Version 17
VisualStudioVersion = 17.0.31903.59
MinimumVisualStudioVersion = 10.0.40219.1
Project("{2150E333-8FDC-42A3-9474-1A3956D46DE8}") = "src", "src", "{FE7E0507-15F5-43F9-B762-0B29730B510F}"
EndProject
Project("{FAE04EC0-301F-11D3-BF4B-00C04F79EFBC}") = "weatherapi", "src\weatherapi\weatherapi.csproj", "{E50E4F47-67C6-4957-B44F-9119D51F8D90}"
EndProject
Project("{2150E333-8FDC-42A3-9474-1A3956D46DE8}") = "tests", "tests", "{9F61DD4A-7A83-429F-9A0B-845FAC47AE87}"
EndProject
Project("{FAE04EC0-301F-11D3-BF4B-00C04F79EFBC}") = "ApiTests", "tests\ApiTests\ApiTests.csproj", "{1EDCF0EE-A745-407A-A4FD-6A045999F562}"
EndProject
Global
	GlobalSection(SolutionConfigurationPlatforms) = preSolution
		Debug|Any CPU = Debug|Any CPU
		Release|Any CPU = Release|Any CPU
	EndGlobalSection
	GlobalSection(SolutionProperties) = preSolution
		HideSolutionNode = FALSE
	EndGlobalSection
	GlobalSection(ProjectConfigurationPlatforms) = postSolution
		{E50E4F47-67C6-4957-B44F-9119D51F8D90}.Debug|Any CPU.ActiveCfg = Debug|Any CPU
		{E50E4F47-67C6-4957-B44F-9119D51F8D90}.Debug|Any CPU.Build.0 = Debug|Any CPU
		{E50E4F47-67C6-4957-B44F-9119D51F8D90}.Release|Any CPU.ActiveCfg = Release|Any CPU
		{E50E4F47-67C6-4957-B44F-9119D51F8D90}.Release|Any CPU.Build.0 = Release|Any CPU
		{1EDCF0EE-A745-407A-A4FD-6A045999F562}.Debug|Any CPU.ActiveCfg = Debug|Any CPU
		{1EDCF0EE-A745-407A-A4FD-6A045999F562}.Debug|Any CPU.Build.0 = Debug|Any CPU
		{1EDCF0EE-A745-407A-A4FD-6A045999F562}.Release|Any CPU.ActiveCfg = Release|Any CPU
		{1EDCF0EE-A745-407A-A4FD-6A045999F562}.Release|Any CPU.Build.0 = Release|Any CPU
	EndGlobalSection
	GlobalSection(NestedProjects) = preSolution
		{E50E4F47-67C6-4957-B44F-9119D51F8D90} = {FE7E0507-15F5-43F9-B762-0B29730B510F}
		{1EDCF0EE-A745-407A-A4FD-6A045999F562} = {9F61DD4A-7A83-429F-9A0B-845FAC47AE87}
	EndGlobalSection
EndGlobal
